Microsoft Visual Studio Solution File, Format Version 12.00
# Visual Studio Version 17
VisualStudioVersion = 17.5.2.0
MinimumVisualStudioVersion = 10.0.40219.1
Project("{FAE04EC0-301F-11D3-BF4B-00C04F79EFBC}") = "tl2-tp6-2024-NatyBlass", "tl2-tp6-2024-NatyBlass.csproj", "{DA8301C1-3B59-9C51-256E-F58DE5981703}"
EndProject
Global
	GlobalSection(SolutionConfigurationPlatforms) = preSolution
		Debug|Any CPU = Debug|Any CPU
		Release|Any CPU = Release|Any CPU
	EndGlobalSection
	GlobalSection(ProjectConfigurationPlatforms) = postSolution
		{DA8301C1-3B59-9C51-256E-F58DE5981703}.Debug|Any CPU.ActiveCfg = Debug|Any CPU
		{DA8301C1-3B59-9C51-256E-F58DE5981703}.Debug|Any CPU.Build.0 = Debug|Any CPU
		{DA8301C1-3B59-9C51-256E-F58DE5981703}.Release|Any CPU.ActiveCfg = Release|Any CPU
		{DA8301C1-3B59-9C51-256E-F58DE5981703}.Release|Any CPU.Build.0 = Release|Any CPU
	EndGlobalSection
	GlobalSection(SolutionProperties) = preSolution
		HideSolutionNode = FALSE
	EndGlobalSection
	GlobalSection(ExtensibilityGlobals) = postSolution
		SolutionGuid = {25B11FA5-157C-4EB1-9F33-F293099381B2}
	EndGlobalSection
EndGlobal
